// !$*UTF8*$!
{
	archiveVersion = 1;
	classes = {
	};
	objectVersion = 46;
	objects = {

/* Begin PBXBuildFile section */
		D1FEFBF71948850600812949 /* main.m in Sources */ = {isa = PBXBuildFile; fileRef = D1FEFBF61948850600812949 /* main.m */; };
		D1FEFBFA1948850600812949 /* AppDelegate.m in Sources */ = {isa = PBXBuildFile; fileRef = D1FEFBF91948850600812949 /* AppDelegate.m */; };
		D1FEFBFD1948850600812949 /* FirstViewController.m in Sources */ = {isa = PBXBuildFile; fileRef = D1FEFBFC1948850600812949 /* FirstViewController.m */; };
		D1FEFC001948850600812949 /* SecondViewController.m in Sources */ = {isa = PBXBuildFile; fileRef = D1FEFBFF1948850600812949 /* SecondViewController.m */; };
		D1FEFC031948850600812949 /* Main.storyboard in Resources */ = {isa = PBXBuildFile; fileRef = D1FEFC011948850600812949 /* Main.storyboard */; };
		D1FEFC051948850600812949 /* Images.xcassets in Resources */ = {isa = PBXBuildFile; fileRef = D1FEFC041948850600812949 /* Images.xcassets */; };
		D1FEFC111948850600812949 /* KODW_TabTests.m in Sources */ = {isa = PBXBuildFile; fileRef = D1FEFC101948850600812949 /* KODW_TabTests.m */; };
/* End PBXBuildFile section */

/* Begin PBXContainerItemProxy section */
		D1FEFC0B1948850600812949 /* PBXContainerItemProxy */ = {
			isa = PBXContainerItemProxy;
			containerPortal = D1FEFBE91948850600812949 /* Project object */;
			proxyType = 1;
			remoteGlobalIDString = D1FEFBF01948850600812949;
			remoteInfo = "KODW-Tab";
		};
/* End PBXContainerItemProxy section */

/* Begin PBXFileReference section */
		D1FEFBF11948850600812949 /* KODW-Tab.app */ = {isa = PBXFileReference; explicitFileType = wrapper.application; includeInIndex = 0; path = "KODW-Tab.app"; sourceTree = BUILT_PRODUCTS_DIR; };
		D1FEFBF51948850600812949 /* Info.plist */ = {isa = PBXFileReference; lastKnownFileType = text.plist.xml; path = Info.plist; sourceTree = "<group>"; };
		D1FEFBF61948850600812949 /* main.m */ = {isa = PBXFileReference; lastKnownFileType = sourcecode.c.objc; path = main.m; sourceTree = "<group>"; };
		D1FEFBF81948850600812949 /* AppDelegate.h */ = {isa = PBXFileReference; lastKnownFileType = sourcecode.c.h; path = AppDelegate.h; sourceTree = "<group>"; };
		D1FEFBF91948850600812949 /* AppDelegate.m */ = {isa = PBXFileReference; lastKnownFileType = sourcecode.c.objc; path = AppDelegate.m; sourceTree = "<group>"; };
		D1FEFBFB1948850600812949 /* FirstViewController.h */ = {isa = PBXFileReference; lastKnownFileType = sourcecode.c.h; path = FirstViewController.h; sourceTree = "<group>"; };
		D1FEFBFC1948850600812949 /* FirstViewController.m */ = {isa = PBXFileReference; lastKnownFileType = sourcecode.c.objc; path = FirstViewController.m; sourceTree = "<group>"; };
		D1FEFBFE1948850600812949 /* SecondViewController.h */ = {isa = PBXFileReference; lastKnownFileType = sourcecode.c.h; path = SecondViewController.h; sourceTree = "<group>"; };
		D1FEFBFF1948850600812949 /* SecondViewController.m */ = {isa = PBXFileReference; lastKnownFileType = sourcecode.c.objc; path = SecondViewController.m; sourceTree = "<group>"; };
		D1FEFC021948850600812949 /* Base */ = {isa = PBXFileReference; lastKnownFileType = file.storyboard; name = Base; path = Base.lproj/Main.storyboard; sourceTree = "<group>"; };
		D1FEFC041948850600812949 /* Images.xcassets */ = {isa = PBXFileReference; lastKnownFileType = folder.assetcatalog; path = Images.xcassets; sourceTree = "<group>"; };
		D1FEFC0A1948850600812949 /* KODW-TabTests.xctest */ = {isa = PBXFileReference; explicitFileType = wrapper.cfbundle; includeInIndex = 0; path = "KODW-TabTests.xctest"; sourceTree = BUILT_PRODUCTS_DIR; };
		D1FEFC0F1948850600812949 /* Info.plist */ = {isa = PBXFileReference; lastKnownFileType = text.plist.xml; path = Info.plist; sourceTree = "<group>"; };
		D1FEFC101948850600812949 /* KODW_TabTests.m */ = {isa = PBXFileReference; lastKnownFileType = sourcecode.c.objc; path = KODW_TabTests.m; sourceTree = "<group>"; };
/* End PBXFileReference section */

/* Begin PBXFrameworksBuildPhase section */
		D1FEFBEE1948850600812949 /* Frameworks */ = {
			isa = PBXFrameworksBuildPhase;
			buildActionMask = 2147483647;
			files = (
			);
			runOnlyForDeploymentPostprocessing = 0;
		};
		D1FEFC071948850600812949 /* Frameworks */ = {
			isa = PBXFrameworksBuildPhase;
			buildActionMask = 2147483647;
			files = (
			);
			runOnlyForDeploymentPostprocessing = 0;
		};
/* End PBXFrameworksBuildPhase section */

/* Begin PBXGroup section */
		D1FEFBE81948850600812949 = {
			isa = PBXGroup;
			children = (
				D1FEFBF31948850600812949 /* KODW-Tab */,
				D1FEFC0D1948850600812949 /* KODW-TabTests */,
				D1FEFBF21948850600812949 /* Products */,
			);
			sourceTree = "<group>";
		};
		D1FEFBF21948850600812949 /* Products */ = {
			isa = PBXGroup;
			children = (
				D1FEFBF11948850600812949 /* KODW-Tab.app */,
				D1FEFC0A1948850600812949 /* KODW-TabTests.xctest */,
			);
			name = Products;
			sourceTree = "<group>";
		};
		D1FEFBF31948850600812949 /* KODW-Tab */ = {
			isa = PBXGroup;
			children = (
				D1FEFBF81948850600812949 /* AppDelegate.h */,
				D1FEFBF91948850600812949 /* AppDelegate.m */,
				D1FEFBFB1948850600812949 /* FirstViewController.h */,
				D1FEFBFC1948850600812949 /* FirstViewController.m */,
				D1FEFBFE1948850600812949 /* SecondViewController.h */,
				D1FEFBFF1948850600812949 /* SecondViewController.m */,
				D1FEFC011948850600812949 /* Main.storyboard */,
				D1FEFC041948850600812949 /* Images.xcassets */,
				D1FEFBF41948850600812949 /* Supporting Files */,
			);
			path = "KODW-Tab";
			sourceTree = "<group>";
		};
		D1FEFBF41948850600812949 /* Supporting Files */ = {
			isa = PBXGroup;
			children = (
				D1FEFBF51948850600812949 /* Info.plist */,
				D1FEFBF61948850600812949 /* main.m */,
			);
			name = "Supporting Files";
			sourceTree = "<group>";
		};
		D1FEFC0D1948850600812949 /* KODW-TabTests */ = {
			isa = PBXGroup;
			children = (
				D1FEFC101948850600812949 /* KODW_TabTests.m */,
				D1FEFC0E1948850600812949 /* Supporting Files */,
			);
			path = "KODW-TabTests";
			sourceTree = "<group>";
		};
		D1FEFC0E1948850600812949 /* Supporting Files */ = {
			isa = PBXGroup;
			children = (
				D1FEFC0F1948850600812949 /* Info.plist */,
			);
			name = "Supporting Files";
			sourceTree = "<group>";
		};
/* End PBXGroup section */

/* Begin PBXNativeTarget section */
		D1FEFBF01948850600812949 /* KODW-Tab */ = {
			isa = PBXNativeTarget;
			buildConfigurationList = D1FEFC141948850600812949 /* Build configuration list for PBXNativeTarget "KODW-Tab" */;
			buildPhases = (
				D1FEFBED1948850600812949 /* Sources */,
				D1FEFBEE1948850600812949 /* Frameworks */,
				D1FEFBEF1948850600812949 /* Resources */,
			);
			buildRules = (
			);
			dependencies = (
			);
			name = "KODW-Tab";
			productName = "KODW-Tab";
			productReference = D1FEFBF11948850600812949 /* KODW-Tab.app */;
			productType = "com.apple.product-type.application";
		};
		D1FEFC091948850600812949 /* KODW-TabTests */ = {
			isa = PBXNativeTarget;
			buildConfigurationList = D1FEFC171948850600812949 /* Build configuration list for PBXNativeTarget "KODW-TabTests" */;
			buildPhases = (
				D1FEFC061948850600812949 /* Sources */,
				D1FEFC071948850600812949 /* Frameworks */,
				D1FEFC081948850600812949 /* Resources */,
			);
			buildRules = (
			);
			dependencies = (
				D1FEFC0C1948850600812949 /* PBXTargetDependency */,
			);
			name = "KODW-TabTests";
			productName = "KODW-TabTests";
			productReference = D1FEFC0A1948850600812949 /* KODW-TabTests.xctest */;
			productType = "com.apple.product-type.bundle.unit-test";
		};
/* End PBXNativeTarget section */

/* Begin PBXProject section */
		D1FEFBE91948850600812949 /* Project object */ = {
			isa = PBXProject;
			attributes = {
				LastUpgradeCheck = 0600;
				ORGANIZATIONNAME = Request;
				TargetAttributes = {
					D1FEFBF01948850600812949 = {
						CreatedOnToolsVersion = 6.0;
					};
					D1FEFC091948850600812949 = {
						CreatedOnToolsVersion = 6.0;
						TestTargetID = D1FEFBF01948850600812949;
					};
				};
			};
			buildConfigurationList = D1FEFBEC1948850600812949 /* Build configuration list for PBXProject "KODW-Tab" */;
			compatibilityVersion = "Xcode 3.2";
			developmentRegion = English;
			hasScannedForEncodings = 0;
			knownRegions = (
				en,
				Base,
			);
			mainGroup = D1FEFBE81948850600812949;
			productRefGroup = D1FEFBF21948850600812949 /* Products */;
			projectDirPath = "";
			projectRoot = "";
			targets = (
				D1FEFBF01948850600812949 /* KODW-Tab */,
				D1FEFC091948850600812949 /* KODW-TabTests */,
			);
		};
/* End PBXProject section */

/* Begin PBXResourcesBuildPhase section */
		D1FEFBEF1948850600812949 /* Resources */ = {
			isa = PBXResourcesBuildPhase;
			buildActionMask = 2147483647;
			files = (
				D1FEFC031948850600812949 /* Main.storyboard in Resources */,
				D1FEFC051948850600812949 /* Images.xcassets in Resources */,
			);
			runOnlyForDeploymentPostprocessing = 0;
		};
		D1FEFC081948850600812949 /* Resources */ = {
			isa = PBXResourcesBuildPhase;
			buildActionMask = 2147483647;
			files = (
			);
			runOnlyForDeploymentPostprocessing = 0;
		};
/* End PBXResourcesBuildPhase section */

/* Begin PBXSourcesBuildPhase section */
		D1FEFBED1948850600812949 /* Sources */ = {
			isa = PBXSourcesBuildPhase;
			buildActionMask = 2147483647;
			files = (
				D1FEFC001948850600812949 /* SecondViewController.m in Sources */,
				D1FEFBFA1948850600812949 /* AppDelegate.m in Sources */,
				D1FEFBFD1948850600812949 /* FirstViewController.m in Sources */,
				D1FEFBF71948850600812949 /* main.m in Sources */,
			);
			runOnlyForDeploymentPostprocessing = 0;
		};
		D1FEFC061948850600812949 /* Sources */ = {
			isa = PBXSourcesBuildPhase;
			buildActionMask = 2147483647;
			files = (
				D1FEFC111948850600812949 /* KODW_TabTests.m in Sources */,
			);
			runOnlyForDeploymentPostprocessing = 0;
		};
/* End PBXSourcesBuildPhase section */

/* Begin PBXTargetDependency section */
		D1FEFC0C1948850600812949 /* PBXTargetDependency */ = {
			isa = PBXTargetDependency;
			target = D1FEFBF01948850600812949 /* KODW-Tab */;
			targetProxy = D1FEFC0B1948850600812949 /* PBXContainerItemProxy */;
		};
/* End PBXTargetDependency section */

/* Begin PBXVariantGroup section */
		D1FEFC011948850600812949 /* Main.storyboard */ = {
			isa = PBXVariantGroup;
			children = (
				D1FEFC021948850600812949 /* Base */,
			);
			name = Main.storyboard;
			sourceTree = "<group>";
		};
/* End PBXVariantGroup section */

/* Begin XCBuildConfiguration section */
		D1FEFC121948850600812949 /* Debug */ = {
			isa = XCBuildConfiguration;
			buildSettings = {
				ALWAYS_SEARCH_USER_PATHS = NO;
				CLANG_CXX_LANGUAGE_STANDARD = "gnu++0x";
				CLANG_CXX_LIBRARY = "libc++";
				CLANG_ENABLE_MODULES = YES;
				CLANG_ENABLE_OBJC_ARC = YES;
				CLANG_WARN_BOOL_CONVERSION = YES;
				CLANG_WARN_CONSTANT_CONVERSION = YES;
				CLANG_WARN_DIRECT_OBJC_ISA_USAGE = YES_ERROR;
				CLANG_WARN_EMPTY_BODY = YES;
				CLANG_WARN_ENUM_CONVERSION = YES;
				CLANG_WARN_INT_CONVERSION = YES;
				CLANG_WARN_OBJC_ROOT_CLASS = YES_ERROR;
				CLANG_WARN_UNREACHABLE_CODE = YES;
				CLANG_WARN__DUPLICATE_METHOD_MATCH = YES;
				"CODE_SIGN_IDENTITY[sdk=iphoneos*]" = "iPhone Developer";
				COPY_PHASE_STRIP = NO;
				ENABLE_STRICT_OBJC_MSGSEND = YES;
				GCC_C_LANGUAGE_STANDARD = gnu99;
				GCC_DYNAMIC_NO_PIC = NO;
				GCC_OPTIMIZATION_LEVEL = 0;
				GCC_PREPROCESSOR_DEFINITIONS = (
					"DEBUG=1",
					"$(inherited)",
				);
				GCC_SYMBOLS_PRIVATE_EXTERN = NO;
				GCC_WARN_64_TO_32_BIT_CONVERSION = YES;
				GCC_WARN_ABOUT_RETURN_TYPE = YES_ERROR;
				GCC_WARN_UNDECLARED_SELECTOR = YES;
				GCC_WARN_UNINITIALIZED_AUTOS = YES_AGGRESSIVE;
				GCC_WARN_UNUSED_FUNCTION = YES;
				GCC_WARN_UNUSED_VARIABLE = YES;
				IPHONEOS_DEPLOYMENT_TARGET = 8.0;
				METAL_ENABLE_DEBUG_INFO = YES;
				ONLY_ACTIVE_ARCH = YES;
				SDKROOT = iphoneos;
			};
			name = Debug;
		};
		D1FEFC131948850600812949 /* Release */ = {
			isa = XCBuildConfiguration;
			buildSettings = {
				ALWAYS_SEARCH_USER_PATHS = NO;
				CLANG_CXX_LANGUAGE_STANDARD = "gnu++0x";
				CLANG_CXX_LIBRARY = "libc++";
				CLANG_ENABLE_MODULES = YES;
				CLANG_ENABLE_OBJC_ARC = YES;
				CLANG_WARN_BOOL_CONVERSION = YES;
				CLANG_WARN_CONSTANT_CONVERSION = YES;
				CLANG_WARN_DIRECT_OBJC_ISA_USAGE = YES_ERROR;
				CLANG_WARN_EMPTY_BODY = YES;
				CLANG_WARN_ENUM_CONVERSION = YES;
				CLANG_WARN_INT_CONVERSION = YES;
				CLANG_WARN_OBJC_ROOT_CLASS = YES_ERROR;
				CLANG_WARN_UNREACHABLE_CODE = YES;
				CLANG_WARN__DUPLICATE_METHOD_MATCH = YES;
				"CODE_SIGN_IDENTITY[sdk=iphoneos*]" = "iPhone Developer";
				COPY_PHASE_STRIP = YES;
				ENABLE_NS_ASSERTIONS = NO;
				ENABLE_STRICT_OBJC_MSGSEND = YES;
				GCC_C_LANGUAGE_STANDARD = gnu99;
				GCC_WARN_64_TO_32_BIT_CONVERSION = YES;
				GCC_WARN_ABOUT_RETURN_TYPE = YES_ERROR;
				GCC_WARN_UNDECLARED_SELECTOR = YES;
				GCC_WARN_UNINITIALIZED_AUTOS = YES_AGGRESSIVE;
				GCC_WARN_UNUSED_FUNCTION = YES;
				GCC_WARN_UNUSED_VARIABLE = YES;
				IPHONEOS_DEPLOYMENT_TARGET = 8.0;
				METAL_ENABLE_DEBUG_INFO = NO;
				SDKROOT = iphoneos;
				VALIDATE_PRODUCT = YES;
			};
			name = Release;
		};
		D1FEFC151948850600812949 /* Debug */ = {
			isa = XCBuildConfiguration;
			buildSettings = {
				ASSETCATALOG_COMPILER_APPICON_NAME = AppIcon;
				ASSETCATALOG_COMPILER_LAUNCHIMAGE_NAME = LaunchImage;
				INFOPLIST_FILE = "KODW-Tab/Info.plist";
				LD_RUNPATH_SEARCH_PATHS = "$(inherited) @executable_path/Frameworks";
				PRODUCT_NAME = "$(TARGET_NAME)";
			};
			name = Debug;
		};
		D1FEFC161948850600812949 /* Release */ = {
			isa = XCBuildConfiguration;
			buildSettings = {
				ASSETCATALOG_COMPILER_APPICON_NAME = AppIcon;
				ASSETCATALOG_COMPILER_LAUNCHIMAGE_NAME = LaunchImage;
				INFOPLIST_FILE = "KODW-Tab/Info.plist";
				LD_RUNPATH_SEARCH_PATHS = "$(inherited) @executable_path/Frameworks";
				PRODUCT_NAME = "$(TARGET_NAME)";
			};
			name = Release;
		};
		D1FEFC181948850600812949 /* Debug */ = {
			isa = XCBuildConfiguration;
			buildSettings = {
				BUNDLE_LOADER = "$(BUILT_PRODUCTS_DIR)/KODW-Tab.app/KODW-Tab";
				FRAMEWORK_SEARCH_PATHS = (
					"$(SDKROOT)/Developer/Library/Frameworks",
					"$(inherited)",
				);
				GCC_PREPROCESSOR_DEFINITIONS = (
					"DEBUG=1",
					"$(inherited)",
				);
				INFOPLIST_FILE = "KODW-TabTests/Info.plist";
				LD_RUNPATH_SEARCH_PATHS = "$(inherited) @executable_path/Frameworks @loader_path/Frameworks";
				METAL_ENABLE_DEBUG_INFO = YES;
				PRODUCT_NAME = "$(TARGET_NAME)";
				TEST_HOST = "$(BUNDLE_LOADER)";
			};
			name = Debug;
		};
		D1FEFC191948850600812949 /* Release */ = {
			isa = XCBuildConfiguration;
			buildSettings = {
				BUNDLE_LOADER = "$(BUILT_PRODUCTS_DIR)/KODW-Tab.app/KODW-Tab";
				FRAMEWORK_SEARCH_PATHS = (
					"$(SDKROOT)/Developer/Library/Frameworks",
					"$(inherited)",
				);
				INFOPLIST_FILE = "KODW-TabTests/Info.plist";
				LD_RUNPATH_SEARCH_PATHS = "$(inherited) @executable_path/Frameworks @loader_path/Frameworks";
				METAL_ENABLE_DEBUG_INFO = NO;
				PRODUCT_NAME = "$(TARGET_NAME)";
				TEST_HOST = "$(BUNDLE_LOADER)";
			};
			name = Release;
		};
/* End XCBuildConfiguration section */

/* Begin XCConfigurationList section */
		D1FEFBEC1948850600812949 /* Build configuration list for PBXProject "KODW-Tab" */ = {
			isa = XCConfigurationList;
			buildConfigurations = (
				D1FEFC121948850600812949 /* Debug */,
				D1FEFC131948850600812949 /* Release */,
			);
			defaultConfigurationIsVisible = 0;
			defaultConfigurationName = Release;
		};
		D1FEFC141948850600812949 /* Build configuration list for PBXNativeTarget "KODW-Tab" */ = {
			isa = XCConfigurationList;
			buildConfigurations = (
				D1FEFC151948850600812949 /* Debug */,
				D1FEFC161948850600812949 /* Release */,
			);
			defaultConfigurationIsVisible = 0;
			defaultConfigurationName = Release;
		};
		D1FEFC171948850600812949 /* Build configuration list for PBXNativeTarget "KODW-TabTests" */ = {
			isa = XCConfigurationList;
			buildConfigurations = (
				D1FEFC181948850600812949 /* Debug */,
				D1FEFC191948850600812949 /* Release */,
			);
			defaultConfigurationIsVisible = 0;
			defaultConfigurationName = Release;
		};
/* End XCConfigurationList section */
	};
	rootObject = D1FEFBE91948850600812949 /* Project object */;
}
